
Microsoft Visual Studio Solution File, Format Version 12.00
# Visual Studio Version 17
VisualStudioVersion = 17.6.33712.159
MinimumVisualStudioVersion = 10.0.40219.1
Project("{FAE04EC0-301F-11D3-BF4B-00C04F79EFBC}") = "diskTools", "diskTools.csproj", "{EBD47F58-89AC-4634-AF70-891B49BD592B}"
EndProject
Global
	GlobalSection(SolutionConfigurationPlatforms) = preSolution
		Debug|Any CPU = Debug|Any CPU
		Release|Any CPU = Release|Any CPU
	EndGlobalSection
	GlobalSection(ProjectConfigurationPlatforms) = postSolution
		{EBD47F58-89AC-4634-AF70-891B49BD592B}.Debug|Any CPU.ActiveCfg = Debug|Any CPU
		{EBD47F58-89AC-4634-AF70-891B49BD592B}.Debug|Any CPU.Build.0 = Debug|Any CPU
		{EBD47F58-89AC-4634-AF70-891B49BD592B}.Release|Any CPU.ActiveCfg = Release|Any CPU
		{EBD47F58-89AC-4634-AF70-891B49BD592B}.Release|Any CPU.Build.0 = Release|Any CPU
	EndGlobalSection
	GlobalSection(SolutionProperties) = preSolution
		HideSolutionNode = FALSE
	EndGlobalSection
	GlobalSection(ExtensibilityGlobals) = postSolution
		SolutionGuid = {42A61AED-2792-48BD-AB15-963F9B102B7E}
	EndGlobalSection
EndGlobal
