
Microsoft Visual Studio Solution File, Format Version 12.00
# Visual Studio Version 17
VisualStudioVersion = 17.6.33712.159
MinimumVisualStudioVersion = 10.0.40219.1
Project("{9A19103F-16F7-4668-BE54-9A1E7A4F7556}") = "diskTools", "diskTools.csproj", "{EBD47F58-89AC-4634-AF70-891B49BD592B}"
EndProject
Global
	GlobalSection(SolutionConfigurationPlatforms) = preSolution
		Debug|x64 = Debug|x64
		Release|x64 = Release|x64
	EndGlobalSection
	GlobalSection(ProjectConfigurationPlatforms) = postSolution
		{EBD47F58-89AC-4634-AF70-891B49BD592B}.Debug|x64.ActiveCfg = Debug|x64
		{EBD47F58-89AC-4634-AF70-891B49BD592B}.Debug|x64.Build.0 = Debug|x64
		{EBD47F58-89AC-4634-AF70-891B49BD592B}.Release|x64.ActiveCfg = Release|x64
		{EBD47F58-89AC-4634-AF70-891B49BD592B}.Release|x64.Build.0 = Release|x64
	EndGlobalSection
	GlobalSection(SolutionProperties) = preSolution
		HideSolutionNode = FALSE
	EndGlobalSection
	GlobalSection(ExtensibilityGlobals) = postSolution
		SolutionGuid = {42A61AED-2792-48BD-AB15-963F9B102B7E}
	EndGlobalSection
EndGlobal
